
Microsoft Visual Studio Solution File, Format Version 12.00
# Visual Studio Version 16
VisualStudioVersion = 16.0.32802.440
MinimumVisualStudioVersion = 10.0.40219.1
Project("{FAE04EC0-301F-11D3-BF4B-00C04F79EFBC}") = "e-voting", "e-voting.csproj", "{71891C1F-F81E-401F-9B1A-2282078813FE}"
EndProject
Global
	GlobalSection(SolutionConfigurationPlatforms) = preSolution
		Debug|Any CPU = Debug|Any CPU
		Release|Any CPU = Release|Any CPU
	EndGlobalSection
	GlobalSection(ProjectConfigurationPlatforms) = postSolution
		{71891C1F-F81E-401F-9B1A-2282078813FE}.Debug|Any CPU.ActiveCfg = Debug|Any CPU
		{71891C1F-F81E-401F-9B1A-2282078813FE}.Debug|Any CPU.Build.0 = Debug|Any CPU
		{71891C1F-F81E-401F-9B1A-2282078813FE}.Release|Any CPU.ActiveCfg = Release|Any CPU
		{71891C1F-F81E-401F-9B1A-2282078813FE}.Release|Any CPU.Build.0 = Release|Any CPU
	EndGlobalSection
	GlobalSection(SolutionProperties) = preSolution
		HideSolutionNode = FALSE
	EndGlobalSection
	GlobalSection(ExtensibilityGlobals) = postSolution
		SolutionGuid = {B5E57B19-DE59-4319-A003-1A0E4BCECFA5}
	EndGlobalSection
EndGlobal
